
Microsoft Visual Studio Solution File, Format Version 12.00
# Visual Studio 2013
VisualStudioVersion = 12.0.31101.0
MinimumVisualStudioVersion = 10.0.40219.1
Project("{FAE04EC0-301F-11D3-BF4B-00C04F79EFBC}") = "SharePointOnlineDemo", "SharePointOnlineDemo\SharePointOnlineDemo.csproj", "{984D5D06-7E1A-4135-8C09-1F2D9C73D58B}"
EndProject
Global
	GlobalSection(SolutionConfigurationPlatforms) = preSolution
		Debug|Any CPU = Debug|Any CPU
		Release|Any CPU = Release|Any CPU
	EndGlobalSection
	GlobalSection(ProjectConfigurationPlatforms) = postSolution
		{984D5D06-7E1A-4135-8C09-1F2D9C73D58B}.Debug|Any CPU.ActiveCfg = Debug|Any CPU
		{984D5D06-7E1A-4135-8C09-1F2D9C73D58B}.Debug|Any CPU.Build.0 = Debug|Any CPU
		{984D5D06-7E1A-4135-8C09-1F2D9C73D58B}.Release|Any CPU.ActiveCfg = Release|Any CPU
		{984D5D06-7E1A-4135-8C09-1F2D9C73D58B}.Release|Any CPU.Build.0 = Release|Any CPU
	EndGlobalSection
	GlobalSection(SolutionProperties) = preSolution
		HideSolutionNode = FALSE
	EndGlobalSection
EndGlobal
